PODS:
  - Alamofire (5.8.1)
  - CryptoSwift (1.8.0)
  - SwiftyRSA (1.7.0):
    - SwiftyRSA/ObjC (= 1.7.0)
  - SwiftyRSA/ObjC (1.7.0)
  - URLImage (2.2.5):
    - URLImage/Common (= 2.2.5)
    - URLImage/DownloadManager (= 2.2.5)
    - URLImage/FileIndex (= 2.2.5)
    - URLImage/ImageDecoder (= 2.2.5)
    - URLImage/Log (= 2.2.5)
    - URLImage/PlainDatabase (= 2.2.5)
    - URLImage/RemoteContentView (= 2.2.5)
  - URLImage/Common (2.2.5)
  - URLImage/DownloadManager (2.2.5):
    - URLImage/Log
  - URLImage/FileIndex (2.2.5):
    - URLImage/Common
    - URLImage/Log
    - URLImage/PlainDatabase
  - URLImage/ImageDecoder (2.2.5)
  - URLImage/Log (2.2.5)
  - URLImage/PlainDatabase (2.2.5)
  - URLImage/RemoteContentView (2.2.5)

DEPENDENCIES:
  - Alamofire
  - CryptoSwift
  - SwiftyRSA
  - URLImage

SPEC REPOS:
  trunk:
    - Alamofire
    - CryptoSwift
    - SwiftyRSA
    - URLImage

SPEC CHECKSUMS:
  Alamofire: 3ca42e259043ee0dc5c0cdd76c4bc568b8e42af7
  CryptoSwift: 52aaf3fce7337552863b1d952e408085f0e65030
  SwiftyRSA: 8c6dd1ea7db1b8dc4fb517a202f88bb1354bc2c6
  URLImage: 36a66c03ba2a9ccbbf06bc83431f2cef171008e8

PODFILE CHECKSUM: f4b9b938c3023e0c40a7d3de9ae48384109bc452

COCOAPODS: 1.11.3
